
Microsoft Visual Studio Solution File, Format Version 12.00
# Visual Studio Version 16
VisualStudioVersion = 16.0.31515.178
MinimumVisualStudioVersion = 10.0.40219.1
Project("{8BC9CEB8-8B4A-11D0-8D11-00A0C91BC942}") = "FlightPlannerVS", "FlightPlannerVS.vcxproj", "{DABC0A0C-3F02-49FE-A976-C3EC85BF6036}"
EndProject
Global
	GlobalSection(SolutionConfigurationPlatforms) = preSolution
		Debug|x64 = Debug|x64
		Debug|x86 = Debug|x86
		Release|x64 = Release|x64
		Release|x86 = Release|x86
	EndGlobalSection
	GlobalSection(ProjectConfigurationPlatforms) = postSolution
		{DABC0A0C-3F02-49FE-A976-C3EC85BF6036}.Debug|x64.ActiveCfg = Debug|x64
		{DABC0A0C-3F02-49FE-A976-C3EC85BF6036}.Debug|x64.Build.0 = Debug|x64
		{DABC0A0C-3F02-49FE-A976-C3EC85BF6036}.Debug|x86.ActiveCfg = Debug|Win32
		{DABC0A0C-3F02-49FE-A976-C3EC85BF6036}.Debug|x86.Build.0 = Debug|Win32
		{DABC0A0C-3F02-49FE-A976-C3EC85BF6036}.Release|x64.ActiveCfg = Release|x64
		{DABC0A0C-3F02-49FE-A976-C3EC85BF6036}.Release|x64.Build.0 = Release|x64
		{DABC0A0C-3F02-49FE-A976-C3EC85BF6036}.Release|x86.ActiveCfg = Release|Win32
		{DABC0A0C-3F02-49FE-A976-C3EC85BF6036}.Release|x86.Build.0 = Release|Win32
	EndGlobalSection
	GlobalSection(SolutionProperties) = preSolution
		HideSolutionNode = FALSE
	EndGlobalSection
	GlobalSection(ExtensibilityGlobals) = postSolution
		SolutionGuid = {C3E842D9-6027-4CA7-9BCD-A60C0199B475}
	EndGlobalSection
EndGlobal
